
Microsoft Visual Studio Solution File, Format Version 12.00
# Visual Studio 2012
Project("{FAE04EC0-301F-11D3-BF4B-00C04F79EFBC}") = "LobbyCsharp", "LobbyCsharp\LobbyCsharp.csproj", "{C2B74670-5A93-40BB-B312-F7729E06E600}"
	ProjectSection(ProjectDependencies) = postProject
		{1FD6434E-9A07-458F-AFB5-B572908BFDE2} = {1FD6434E-9A07-458F-AFB5-B572908BFDE2}
	EndProjectSection
EndProject
Project("{FAE04EC0-301F-11D3-BF4B-00C04F79EFBC}") = "LobbyCsharp.Web", "LobbyCsharp.Web\LobbyCsharp.Web.csproj", "{1FD6434E-9A07-458F-AFB5-B572908BFDE2}"
EndProject
Project("{FAE04EC0-301F-11D3-BF4B-00C04F79EFBC}") = "Battleships", "Battleships\Battleships.csproj", "{494A6900-2FDD-43B1-927D-C3C558546034}"
	ProjectSection(ProjectDependencies) = postProject
		{1FD6434E-9A07-458F-AFB5-B572908BFDE2} = {1FD6434E-9A07-458F-AFB5-B572908BFDE2}
	EndProjectSection
EndProject
Project("{CC5FD16D-436D-48AD-A40C-5A424C6E3E79}") = "LobbyCsharp.Web.Azure", "LobbyCsharp.Web.Azure\LobbyCsharp.Web.Azure.ccproj", "{A89B0B08-D1C8-4655-99C7-356B1805806B}"
EndProject
Global
	GlobalSection(SolutionConfigurationPlatforms) = preSolution
		Debug|Any CPU = Debug|Any CPU
		Release|Any CPU = Release|Any CPU
	EndGlobalSection
	GlobalSection(ProjectConfigurationPlatforms) = postSolution
		{C2B74670-5A93-40BB-B312-F7729E06E600}.Debug|Any CPU.ActiveCfg = Debug|Any CPU
		{C2B74670-5A93-40BB-B312-F7729E06E600}.Debug|Any CPU.Build.0 = Debug|Any CPU
		{C2B74670-5A93-40BB-B312-F7729E06E600}.Release|Any CPU.ActiveCfg = Release|Any CPU
		{C2B74670-5A93-40BB-B312-F7729E06E600}.Release|Any CPU.Build.0 = Release|Any CPU
		{1FD6434E-9A07-458F-AFB5-B572908BFDE2}.Debug|Any CPU.ActiveCfg = Debug|Any CPU
		{1FD6434E-9A07-458F-AFB5-B572908BFDE2}.Debug|Any CPU.Build.0 = Debug|Any CPU
		{1FD6434E-9A07-458F-AFB5-B572908BFDE2}.Release|Any CPU.ActiveCfg = Release|Any CPU
		{1FD6434E-9A07-458F-AFB5-B572908BFDE2}.Release|Any CPU.Build.0 = Release|Any CPU
		{494A6900-2FDD-43B1-927D-C3C558546034}.Debug|Any CPU.ActiveCfg = Debug|Any CPU
		{494A6900-2FDD-43B1-927D-C3C558546034}.Debug|Any CPU.Build.0 = Debug|Any CPU
		{494A6900-2FDD-43B1-927D-C3C558546034}.Debug|Any CPU.Deploy.0 = Debug|Any CPU
		{494A6900-2FDD-43B1-927D-C3C558546034}.Release|Any CPU.ActiveCfg = Release|Any CPU
		{494A6900-2FDD-43B1-927D-C3C558546034}.Release|Any CPU.Build.0 = Release|Any CPU
		{494A6900-2FDD-43B1-927D-C3C558546034}.Release|Any CPU.Deploy.0 = Release|Any CPU
		{A89B0B08-D1C8-4655-99C7-356B1805806B}.Debug|Any CPU.ActiveCfg = Debug|Any CPU
		{A89B0B08-D1C8-4655-99C7-356B1805806B}.Debug|Any CPU.Build.0 = Debug|Any CPU
		{A89B0B08-D1C8-4655-99C7-356B1805806B}.Release|Any CPU.ActiveCfg = Release|Any CPU
		{A89B0B08-D1C8-4655-99C7-356B1805806B}.Release|Any CPU.Build.0 = Release|Any CPU
	EndGlobalSection
	GlobalSection(SolutionProperties) = preSolution
		HideSolutionNode = FALSE
	EndGlobalSection
EndGlobal
